
Microsoft Visual Studio Solution File, Format Version 12.00
# Visual Studio Version 16
VisualStudioVersion = 25.0.1706.2
MinimumVisualStudioVersion = 10.0.40219.1
Project("{FAE04EC0-301F-11D3-BF4B-00C04F79EFBC}") = "VidEdit", "VidEdit.csproj", "{9943E644-94EA-4419-A31C-6C019527F84F}"
EndProject
Global
	GlobalSection(SolutionConfigurationPlatforms) = preSolution
		Debug|Any CPU = Debug|Any CPU
		Release|Any CPU = Release|Any CPU
	EndGlobalSection
	GlobalSection(ProjectConfigurationPlatforms) = postSolution
		{9943E644-94EA-4419-A31C-6C019527F84F}.Debug|Any CPU.ActiveCfg = Debug|Any CPU
		{9943E644-94EA-4419-A31C-6C019527F84F}.Debug|Any CPU.Build.0 = Debug|Any CPU
		{9943E644-94EA-4419-A31C-6C019527F84F}.Release|Any CPU.ActiveCfg = Release|Any CPU
		{9943E644-94EA-4419-A31C-6C019527F84F}.Release|Any CPU.Build.0 = Release|Any CPU
	EndGlobalSection
	GlobalSection(SolutionProperties) = preSolution
		HideSolutionNode = FALSE
	EndGlobalSection
	GlobalSection(ExtensibilityGlobals) = postSolution
		SolutionGuid = {85A7B12F-9C83-49DC-960F-BF9654D4C3D6}
	EndGlobalSection
EndGlobal
